<?xml version="1.0" encoding="utf-8"?>
<Project ToolsVersion="4.0" xmlns="http://schemas.microsoft.com/developer/msbuild/2003">
  <ItemGroup>
    <Filter Include="Source Files">
      <UniqueIdentifier>{4FC737F1-C7A5-4376-A066-2A32D752A2FF}</UniqueIdentifier>
      <Extensions>cpp;c;cc;cxx;c++;cppm;ixx;def;odl;idl;hpj;bat;asm;asmx</Extensions>
    </Filter>
    <Filter Include="Header Files">
      <UniqueIdentifier>{93995380-89BD-4b04-88EB-625FBE52EBFB}</UniqueIdentifier>
      <Extensions>h;hh;hpp;hxx;h++;hm;inl;inc;ipp;xsd</Extensions>
    </Filter>
    <Filter Include="Resource Files">
      <UniqueIdentifier>{67DA6AB6-F800-4c08-8B7A-83BB121AAD01}</UniqueIdentifier>
      <Extensions>rc;ico;cur;bmp;dlg;rc2;rct;bin;rgs;gif;jpg;jpeg;jpe;resx;tiff;tif;png;wav;mfcribbon-ms</Extensions>
    </Filter>
  </ItemGroup>
  <ItemGroup>
    <ClCompile Include="PerfectNumber.cpp">
      <Filter>Source Files</Filter>
    </ClCompile>
    <ClCompile Include="SoDoiXung.cpp">
      <Filter>Source Files</Filter>
    </ClCompile>
    <ClCompile Include="PrimeNumber.cpp">
      <Filter>Source Files</Filter>
    </ClCompile>
    <ClCompile Include="UCLNvaBCNN.cpp">
      <Filter>Source Files</Filter>
    </ClCompile>
    <ClCompile Include="SumOfFactorial.cpp">
      <Filter>Source Files</Filter>
    </ClCompile>
    <ClCompile Include="TotalSecond.cpp">
      <Filter>Source Files</Filter>
    </ClCompile>
    <ClCompile Include="CungHoangDao.cpp">
      <Filter>Source Files</Filter>
    </ClCompile>
    <ClCompile Include="DuyetSoNguyentotu1toiN.cpp">
      <Filter>Source Files</Filter>
    </ClCompile>
    <ClCompile Include="PhanTichThuaSoNguyenTo.cpp">
      <Filter>Source Files</Filter>
    </ClCompile>
    <ClCompile Include="SmithNumber.cpp">
      <Filter>Source Files</Filter>
    </ClCompile>
    <ClCompile Include="AmstrongNumber.cpp">
      <Filter>Source Files</Filter>
    </ClCompile>
    <ClCompile Include="SoDaoNguoc.cpp">
      <Filter>Source Files</Filter>
    </ClCompile>
    <ClCompile Include="ĐếmƯớccuảN!.cpp">
      <Filter>Source Files</Filter>
    </ClCompile>
    <ClCompile Include="DếmƯớcCủa_N.cpp">
      <Filter>Source Files</Filter>
    </ClCompile>
    <ClCompile Include="SốĐẹp_HackerRank.cpp">
      <Filter>Source Files</Filter>
    </ClCompile>
    <ClCompile Include="SốĐẹp2_HackerRank.cpp">
      <Filter>Source Files</Filter>
    </ClCompile>
    <ClCompile Include="Số_Thuận_Nghịch.cpp">
      <Filter>Source Files</Filter>
    </ClCompile>
    <ClCompile Include="Tổ_Hợp.cpp">
      <Filter>Source Files</Filter>
    </ClCompile>
    <ClCompile Include="Chỉnh_Hợp.cpp">
      <Filter>Source Files</Filter>
    </ClCompile>
    <ClCompile Include="Số_PalinDrom.cpp">
      <Filter>Source Files</Filter>
    </ClCompile>
    <ClCompile Include="Sàn_Số_Palindrom.cpp">
      <Filter>Source Files</Filter>
    </ClCompile>
    <ClCompile Include="Năm_Nhuận.cpp">
      <Filter>Source Files</Filter>
    </ClCompile>
    <ClCompile Include="Phương_Trình_bậc_nhất_1_ẩn.cpp">
      <Filter>Source Files</Filter>
    </ClCompile>
    <ClCompile Include="PT_Bậc_2.cpp">
      <Filter>Source Files</Filter>
    </ClCompile>
    <ClCompile Include="Bảng_Mã.cpp">
      <Filter>Source Files</Filter>
    </ClCompile>
    <ClCompile Include="Số_Thuần_Nguyên_Tố.cpp">
      <Filter>Source Files</Filter>
    </ClCompile>
    <ClCompile Include="Strong_Number.cpp">
      <Filter>Source Files</Filter>
    </ClCompile>
    <ClCompile Include="Amstrong_1_Number.cpp">
      <Filter>Source Files</Filter>
    </ClCompile>
    <ClCompile Include="Đổi_Độ_F_sang_độ_C.cpp">
      <Filter>Source Files</Filter>
    </ClCompile>
    <ClCompile Include="Số_Đẹp_3.cpp">
      <Filter>Source Files</Filter>
    </ClCompile>
    <ClCompile Include="12_Con_Giáp.cpp">
      <Filter>Source Files</Filter>
    </ClCompile>
    <ClCompile Include="Duyệt_số_Thuần_Nguyên_Tố.cpp">
      <Filter>Source Files</Filter>
    </ClCompile>
    <ClCompile Include="Count_số_Chẵn_Lẻ.cpp">
      <Filter>Source Files</Filter>
    </ClCompile>
    <ClCompile Include="GuessingBirthday.cpp">
      <Filter>Source Files</Filter>
    </ClCompile>
    <ClCompile Include="RandomNumbers.cpp">
      <Filter>Source Files</Filter>
    </ClCompile>
    <ClCompile Include="RandomCharacter.cpp">
      <Filter>Source Files</Filter>
    </ClCompile>
    <ClCompile Include="Password.cpp">
      <Filter>Source Files</Filter>
    </ClCompile>
    <ClCompile Include="Super_Prime_Number.cpp">
      <Filter>Source Files</Filter>
    </ClCompile>
    <ClCompile Include="Kéo_búa_bao.cpp">
      <Filter>Source Files</Filter>
    </ClCompile>
    <ClCompile Include="Strong_Prime.cpp">
      <Filter>Source Files</Filter>
    </ClCompile>
    <ClCompile Include="Average.cpp">
      <Filter>Source Files</Filter>
    </ClCompile>
    <ClCompile Include="chuoikitu_songuyen.cpp">
      <Filter>Source Files</Filter>
    </ClCompile>
    <ClCompile Include="Max_Min_in_array.cpp">
      <Filter>Source Files</Filter>
    </ClCompile>
    <ClCompile Include="CodeForce4_ITclub.cpp">
      <Filter>Source Files</Filter>
    </ClCompile>
    <ClCompile Include="..\..\Đọc_Ghi_File\Đọc_Ghi_File\MyLibrary.cpp">
      <Filter>Resource Files</Filter>
    </ClCompile>
    <ClCompile Include="Tinh_e^x.cpp">
      <Filter>Source Files</Filter>
    </ClCompile>
    <ClCompile Include="Bai1_KTLT.cpp">
      <Filter>Source Files</Filter>
    </ClCompile>
    <ClCompile Include="Số_Gần_Nguyên_Tố.cpp">
      <Filter>Source Files</Filter>
    </ClCompile>
    <ClCompile Include="Bai2_KTLT.cpp">
      <Filter>Source Files</Filter>
    </ClCompile>
    <ClCompile Include="ĐệQuy_tính_tổng_từ_1_tới_n.cpp">
      <Filter>Source Files</Filter>
    </ClCompile>
    <ClCompile Include="ĐệQuy_tính_tich_từ_1_tới_n.cpp">
      <Filter>Source Files</Filter>
    </ClCompile>
    <ClCompile Include="baitap.cpp">
      <Filter>Source Files</Filter>
    </ClCompile>
    <ClCompile Include="baitap_LuyenCode.cpp">
      <Filter>Source Files</Filter>
    </ClCompile>
    <ClCompile Include="đếm_chữ_số.cpp">
      <Filter>Source Files</Filter>
    </ClCompile>
    <ClCompile Include="BG_Prime.cpp">
      <Filter>Source Files</Filter>
    </ClCompile>
    <ClCompile Include="Tìm_Ẩn_Số.cpp">
      <Filter>Source Files</Filter>
    </ClCompile>
    <ClCompile Include="Con_số_duyên_nợ.cpp">
      <Filter>Source Files</Filter>
    </ClCompile>
    <ClCompile Include="Tổng_Căn_2.cpp">
      <Filter>Source Files</Filter>
    </ClCompile>
    <ClCompile Include="Nghịch_đảo_các_số_lẻ.cpp">
      <Filter>Source Files</Filter>
    </ClCompile>
    <ClCompile Include="Tổng_nghịch_đảo.cpp">
      <Filter>Source Files</Filter>
    </ClCompile>
    <ClCompile Include="SmofFactorial.cpp">
      <Filter>Source Files</Filter>
    </ClCompile>
    <ClCompile Include="Bai_3_cau_e_KTLT.cpp">
      <Filter>Source Files</Filter>
    </ClCompile>
    <ClCompile Include="Tong_nghich_dao.cpp">
      <Filter>Source Files</Filter>
    </ClCompile>
    <ClCompile Include="So_Chinh_phuong.cpp">
      <Filter>Source Files</Filter>
    </ClCompile>
    <ClCompile Include="chu_so_lon_nhat_trong_n.cpp">
      <Filter>Source Files</Filter>
    </ClCompile>
    <ClCompile Include="Bai_3g_KTLT.cpp">
      <Filter>Source Files</Filter>
    </ClCompile>
    <ClCompile Include="Bai_3h_KTLT.cpp">
      <Filter>Source Files</Filter>
    </ClCompile>
    <ClCompile Include="Bai_13e_KTLT.cpp">
      <Filter>Source Files</Filter>
    </ClCompile>
    <ClCompile Include="Bai_13h_KTLT.cpp">
      <Filter>Source Files</Filter>
    </ClCompile>
    <ClCompile Include="Bai_2g_KTLT.cpp">
      <Filter>Source Files</Filter>
    </ClCompile>
    <ClCompile Include="Bai_4_KTLT.cpp">
      <Filter>Source Files</Filter>
    </ClCompile>
    <ClCompile Include="Số_Sinh_đôi.cpp">
      <Filter>Source Files</Filter>
    </ClCompile>
    <ClCompile Include="Bai_6_KTLT.cpp">
      <Filter>Source Files</Filter>
    </ClCompile>
    <ClCompile Include="Bai_9_KTLT.cpp">
      <Filter>Source Files</Filter>
    </ClCompile>
    <ClCompile Include="Phương_trình_bậc_2_số_phức.cpp">
      <Filter>Source Files</Filter>
    </ClCompile>
    <ClCompile Include="Trùng_Khoảng.cpp">
      <Filter>Source Files</Filter>
    </ClCompile>
    <ClCompile Include="Exercise_Feynman.cpp">
      <Filter>Source Files</Filter>
    </ClCompile>
    <ClCompile Include="Sum_Of_Product.cpp">
      <Filter>Source Files</Filter>
    </ClCompile>
    <ClCompile Include="Bai_tap22.cpp">
      <Filter>Source Files</Filter>
    </ClCompile>
    <ClCompile Include="Bai_Tap__2.cpp">
      <Filter>Source Files</Filter>
    </ClCompile>
    <ClCompile Include="Bai_3i_KTLT.cpp">
      <Filter>Source Files</Filter>
    </ClCompile>
    <ClCompile Include="Chuong2_Bai7c_KTLT.cpp">
      <Filter>Source Files</Filter>
    </ClCompile>
    <ClCompile Include="Bai_15_chuong2_KTLT.cpp">
      <Filter>Source Files</Filter>
    </ClCompile>
    <ClCompile Include="Day_Fibonancy.cpp">
      <Filter>Source Files</Filter>
    </ClCompile>
    <ClCompile Include="Câu_1_đề_thi_KTLT.cpp">
      <Filter>Source Files</Filter>
    </ClCompile>
    <ClCompile Include="Bai_Tap_4__DQ.cpp">
      <Filter>Source Files</Filter>
    </ClCompile>
    <ClCompile Include="Bai_tap_5_DQ.cpp">
      <Filter>Source Files</Filter>
    </ClCompile>
    <ClCompile Include="Bai_tap_6_DQ.cpp">
      <Filter>Source Files</Filter>
    </ClCompile>
    <ClCompile Include="Bai_Tap_7__DQ.cpp">
      <Filter>Source Files</Filter>
    </ClCompile>
    <ClCompile Include="Bai_Tap_8_DQ.cpp">
      <Filter>Source Files</Filter>
    </ClCompile>
    <ClCompile Include="Bai_Tap_DQ_Facebook.cpp">
      <Filter>Source Files</Filter>
    </ClCompile>
    <ClCompile Include="So_Special_facebook.cpp">
      <Filter>Source Files</Filter>
    </ClCompile>
    <ClCompile Include="Bai_Tap_Facebook.cpp">
      <Filter>Source Files</Filter>
    </ClCompile>
    <ClCompile Include="T-Prime__hackerrank.cpp">
      <Filter>Source Files</Filter>
    </ClCompile>
    <ClCompile Include="Ước_Số_Nguyên_tố_nhỏ__nhất.cpp">
      <Filter>Source Files</Filter>
    </ClCompile>
    <ClCompile Include="Bai_Tap_hackerrank.cpp">
      <Filter>Source Files</Filter>
    </ClCompile>
    <ClCompile Include="Số_Thuận_Nghịch_String.cpp">
      <Filter>Source Files</Filter>
    </ClCompile>
    <ClCompile Include="Bai_tap_HCMUTE.cpp">
      <Filter>Source Files</Filter>
    </ClCompile>
    <ClCompile Include="Bai_tap_2_HCMUTE.cpp">
      <Filter>Source Files</Filter>
    </ClCompile>
    <ClCompile Include="BCNN_UCLN_DQ.cpp">
      <Filter>Source Files</Filter>
    </ClCompile>
    <ClCompile Include="Bai_7_chuong1_KTLT.cpp">
      <Filter>Source Files</Filter>
    </ClCompile>
    <ClCompile Include="Bai_Tap_VietJack.cpp">
      <Filter>Source Files</Filter>
    </ClCompile>
    <ClCompile Include="Bai_Tap_1and2_Chuong3_KTLT.cpp">
      <Filter>Source Files</Filter>
    </ClCompile>
    <ClCompile Include="Bai_Tap_2_chuong3_KTLT.cpp">
      <Filter>Source Files</Filter>
    </ClCompile>
    <ClCompile Include="Bai_13c_chuong2_KTLT.cpp">
      <Filter>Source Files</Filter>
    </ClCompile>
    <ClCompile Include="So_nguyen_to.cpp">
      <Filter>Source Files</Filter>
    </ClCompile>
    <ClCompile Include="Chuyển_số_nhị_phân.cpp">
      <Filter>Source Files</Filter>
    </ClCompile>
    <ClCompile Include="Bai_11_chuong3_KTLT.cpp">
      <Filter>Source Files</Filter>
    </ClCompile>
    <ClCompile Include="Số_Đẹp_facebook.cpp">
      <Filter>Source Files</Filter>
    </ClCompile>
    <ClCompile Include="Chuong3_bai5_HCMUTE.cpp">
      <Filter>Source Files</Filter>
    </ClCompile>
    <ClCompile Include="Special_Even_Number.cpp">
      <Filter>Source Files</Filter>
    </ClCompile>
    <ClCompile Include="SUMDIG_luyencode.cpp">
      <Filter>Source Files</Filter>
    </ClCompile>
    <ClCompile Include="STR03_luyencode.cpp">
      <Filter>Source Files</Filter>
    </ClCompile>
    <ClCompile Include="Tần_suất_xuất_hiện_các_chữ_số.cpp">
      <Filter>Source Files</Filter>
    </ClCompile>
    <ClCompile Include="NHATCHU_Luyencode.cpp">
      <Filter>Source Files</Filter>
    </ClCompile>
    <ClCompile Include="PASSW_Luyencode.cpp">
      <Filter>Source Files</Filter>
    </ClCompile>
    <ClCompile Include="DEMSO_luyenncode.cpp">
      <Filter>Source Files</Filter>
    </ClCompile>
    <ClCompile Include="UPWORD_luyencode.cpp">
      <Filter>Source Files</Filter>
    </ClCompile>
    <ClCompile Include="PALINZ_luyencode.cpp">
      <Filter>Source Files</Filter>
    </ClCompile>
    <ClCompile Include="PTIT024_luyencode.cpp">
      <Filter>Source Files</Filter>
    </ClCompile>
    <ClCompile Include="MEET_luyencode.cpp">
      <Filter>Source Files</Filter>
    </ClCompile>
    <ClCompile Include="STRCMP.cpp">
      <Filter>Source Files</Filter>
    </ClCompile>
    <ClCompile Include="STRPOW_luyencode.cpp">
      <Filter>Source Files</Filter>
    </ClCompile>
    <ClCompile Include="SUMSO_luyencode.cpp">
      <Filter>Source Files</Filter>
    </ClCompile>
  </ItemGroup>
  <ItemGroup>
    <ClInclude Include="..\..\Đọc_Ghi_File\Đọc_Ghi_File\MyLibrary.h">
      <Filter>Header Files</Filter>
    </ClInclude>
  </ItemGroup>
</Project>